
Microsoft Visual Studio Solution File, Format Version 12.00
# Visual Studio Version 16
VisualStudioVersion = 16.0.31424.327
MinimumVisualStudioVersion = 10.0.40219.1
Project("{FAE04EC0-301F-11D3-BF4B-00C04F79EFBC}") = "Orange.Common.Utilities", "Orange.Common.Utilities\Orange.Common.Utilities.csproj", "{7F058844-4319-47C3-B86F-5FC48BEE93E6}"
EndProject
Project("{FAE04EC0-301F-11D3-BF4B-00C04F79EFBC}") = "Orange.Common.Business", "Orange.Common.Business\Orange.Common.Business.csproj", "{F76CDA6A-CFDA-449A-830A-92A016C18D80}"
EndProject
Project("{FAE04EC0-301F-11D3-BF4B-00C04F79EFBC}") = "Orange.Common.DataAccess", "Orange.Common.DataAccess\Orange.Common.DataAccess.csproj", "{0CFFA67C-6810-4365-A02F-1A32F2C39F1A}"
EndProject
Project("{FAE04EC0-301F-11D3-BF4B-00C04F79EFBC}") = "Orange.Common.EntityFramework", "Orange.Common.EntityFramework\Orange.Common.EntityFramework.csproj", "{7F99118B-644A-4901-9829-DE51A203C602}"
EndProject
Project("{FAE04EC0-301F-11D3-BF4B-00C04F79EFBC}") = "Orange.Common.Entities", "Orange.Common.Entities\Orange.Common.Entities.csproj", "{0170B2A4-9A05-4627-AB02-CCB1CA6740CA}"
EndProject
Project("{FAE04EC0-301F-11D3-BF4B-00C04F79EFBC}") = "Orange.Common.WebApi", "Orange.Common.WebApi\Orange.Common.WebApi.csproj", "{E592FBA9-9B64-48A5-9537-692B4D69B0B3}"
EndProject
Project("{FAE04EC0-301F-11D3-BF4B-00C04F79EFBC}") = "Orange.Common.GenericRepository", "Orange.Common.GenericRepository\Orange.Common.GenericRepository.csproj", "{611481AF-B1EB-49B8-B2C1-012AA7C62E7C}"
EndProject
Project("{FAE04EC0-301F-11D3-BF4B-00C04F79EFBC}") = "Orange.Common.Connectors", "Orange.Common.Connectors\Orange.Common.Connectors.csproj", "{A3442EDE-7441-431C-8A44-A4EA71D9D92B}"
EndProject
Project("{FAE04EC0-301F-11D3-BF4B-00C04F79EFBC}") = "Orange.Common.Profile.Membership", "Orange.Common.Profile.Membership\Orange.Common.Profile.Membership.csproj", "{96B01082-8202-46D4-A438-ED5BE3374B07}"
EndProject
Project("{FAE04EC0-301F-11D3-BF4B-00C04F79EFBC}") = "Orange.Common.Profile.Membership", "Orange.Common.Profile.Membership\Orange.Common.Profile.Membership.csproj", "{96B01082-8202-46D4-A438-ED5BE3374B07}"
EndProject
Project("{FAE04EC0-301F-11D3-BF4B-00C04F79EFBC}") = "Orange.Common.Profile", "Orange.Common.Profile\Orange.Common.Profile.csproj", "{5868AB0F-49C9-45B7-8860-3F057FF24AF3}"
EndProject
Global
	GlobalSection(SolutionConfigurationPlatforms) = preSolution
		Debug|Any CPU = Debug|Any CPU
		Release|Any CPU = Release|Any CPU
	EndGlobalSection
	GlobalSection(ProjectConfigurationPlatforms) = postSolution
		{7F058844-4319-47C3-B86F-5FC48BEE93E6}.Debug|Any CPU.ActiveCfg = Debug|Any CPU
		{7F058844-4319-47C3-B86F-5FC48BEE93E6}.Debug|Any CPU.Build.0 = Debug|Any CPU
		{7F058844-4319-47C3-B86F-5FC48BEE93E6}.Release|Any CPU.ActiveCfg = Release|Any CPU
		{7F058844-4319-47C3-B86F-5FC48BEE93E6}.Release|Any CPU.Build.0 = Release|Any CPU
		{F76CDA6A-CFDA-449A-830A-92A016C18D80}.Debug|Any CPU.ActiveCfg = Debug|Any CPU
		{F76CDA6A-CFDA-449A-830A-92A016C18D80}.Debug|Any CPU.Build.0 = Debug|Any CPU
		{F76CDA6A-CFDA-449A-830A-92A016C18D80}.Release|Any CPU.ActiveCfg = Release|Any CPU
		{F76CDA6A-CFDA-449A-830A-92A016C18D80}.Release|Any CPU.Build.0 = Release|Any CPU
		{0CFFA67C-6810-4365-A02F-1A32F2C39F1A}.Debug|Any CPU.ActiveCfg = Debug|Any CPU
		{0CFFA67C-6810-4365-A02F-1A32F2C39F1A}.Debug|Any CPU.Build.0 = Debug|Any CPU
		{0CFFA67C-6810-4365-A02F-1A32F2C39F1A}.Release|Any CPU.ActiveCfg = Release|Any CPU
		{0CFFA67C-6810-4365-A02F-1A32F2C39F1A}.Release|Any CPU.Build.0 = Release|Any CPU
		{7F99118B-644A-4901-9829-DE51A203C602}.Debug|Any CPU.ActiveCfg = Debug|Any CPU
		{7F99118B-644A-4901-9829-DE51A203C602}.Debug|Any CPU.Build.0 = Debug|Any CPU
		{7F99118B-644A-4901-9829-DE51A203C602}.Release|Any CPU.ActiveCfg = Release|Any CPU
		{7F99118B-644A-4901-9829-DE51A203C602}.Release|Any CPU.Build.0 = Release|Any CPU
		{0170B2A4-9A05-4627-AB02-CCB1CA6740CA}.Debug|Any CPU.ActiveCfg = Debug|Any CPU
		{0170B2A4-9A05-4627-AB02-CCB1CA6740CA}.Debug|Any CPU.Build.0 = Debug|Any CPU
		{0170B2A4-9A05-4627-AB02-CCB1CA6740CA}.Release|Any CPU.ActiveCfg = Release|Any CPU
		{0170B2A4-9A05-4627-AB02-CCB1CA6740CA}.Release|Any CPU.Build.0 = Release|Any CPU
		{E592FBA9-9B64-48A5-9537-692B4D69B0B3}.Debug|Any CPU.ActiveCfg = Debug|Any CPU
		{E592FBA9-9B64-48A5-9537-692B4D69B0B3}.Debug|Any CPU.Build.0 = Debug|Any CPU
		{E592FBA9-9B64-48A5-9537-692B4D69B0B3}.Release|Any CPU.ActiveCfg = Release|Any CPU
		{E592FBA9-9B64-48A5-9537-692B4D69B0B3}.Release|Any CPU.Build.0 = Release|Any CPU
		{611481AF-B1EB-49B8-B2C1-012AA7C62E7C}.Debug|Any CPU.ActiveCfg = Debug|Any CPU
		{611481AF-B1EB-49B8-B2C1-012AA7C62E7C}.Debug|Any CPU.Build.0 = Debug|Any CPU
		{611481AF-B1EB-49B8-B2C1-012AA7C62E7C}.Release|Any CPU.ActiveCfg = Release|Any CPU
		{611481AF-B1EB-49B8-B2C1-012AA7C62E7C}.Release|Any CPU.Build.0 = Release|Any CPU
		{96B01082-8202-46D4-A438-ED5BE3374B07}.Debug|Any CPU.ActiveCfg = Debug|Any CPU
		{96B01082-8202-46D4-A438-ED5BE3374B07}.Debug|Any CPU.Build.0 = Debug|Any CPU
		{96B01082-8202-46D4-A438-ED5BE3374B07}.Release|Any CPU.ActiveCfg = Release|Any CPU
		{96B01082-8202-46D4-A438-ED5BE3374B07}.Release|Any CPU.Build.0 = Release|Any CPU
		{A3442EDE-7441-431C-8A44-A4EA71D9D92B}.Debug|Any CPU.ActiveCfg = Debug|Any CPU
		{A3442EDE-7441-431C-8A44-A4EA71D9D92B}.Debug|Any CPU.Build.0 = Debug|Any CPU
		{A3442EDE-7441-431C-8A44-A4EA71D9D92B}.Release|Any CPU.ActiveCfg = Release|Any CPU
		{A3442EDE-7441-431C-8A44-A4EA71D9D92B}.Release|Any CPU.Build.0 = Release|Any CPU
		{96B01082-8202-46D4-A438-ED5BE3374B07}.Debug|Any CPU.ActiveCfg = Debug|Any CPU
		{96B01082-8202-46D4-A438-ED5BE3374B07}.Debug|Any CPU.Build.0 = Debug|Any CPU
		{96B01082-8202-46D4-A438-ED5BE3374B07}.Release|Any CPU.ActiveCfg = Release|Any CPU
		{96B01082-8202-46D4-A438-ED5BE3374B07}.Release|Any CPU.Build.0 = Release|Any CPU
		{5868AB0F-49C9-45B7-8860-3F057FF24AF3}.Debug|Any CPU.ActiveCfg = Debug|Any CPU
		{5868AB0F-49C9-45B7-8860-3F057FF24AF3}.Debug|Any CPU.Build.0 = Debug|Any CPU
		{5868AB0F-49C9-45B7-8860-3F057FF24AF3}.Release|Any CPU.ActiveCfg = Release|Any CPU
		{5868AB0F-49C9-45B7-8860-3F057FF24AF3}.Release|Any CPU.Build.0 = Release|Any CPU
	EndGlobalSection
	GlobalSection(SolutionProperties) = preSolution
		HideSolutionNode = FALSE
	EndGlobalSection
	GlobalSection(ExtensibilityGlobals) = postSolution
		SolutionGuid = {B76CE55E-F646-427C-A686-066922DE1F17}
	EndGlobalSection
EndGlobal
